
Microsoft Visual Studio Solution File, Format Version 12.00
# Visual Studio 14
VisualStudioVersion = 14.0.24720.0
MinimumVisualStudioVersion = 10.0.40219.1
Project("{8BC9CEB8-8B4A-11D0-8D11-00A0C91BC942}") = "ixml", "ixml.vcxproj", "{654993A9-4A7A-4864-BBB8-6B545CFB4631}"
EndProject
Project("{8BC9CEB8-8B4A-11D0-8D11-00A0C91BC942}") = "threadutil", "threadutil.vcxproj", "{8C629440-D344-4409-8C06-8605504CB542}"
EndProject
Project("{8BC9CEB8-8B4A-11D0-8D11-00A0C91BC942}") = "libupnp", "libupnp.vcxproj", "{0500E0C8-903C-44B3-8DD9-9B712608E184}"
	ProjectSection(ProjectDependencies) = postProject
		{8C629440-D344-4409-8C06-8605504CB542} = {8C629440-D344-4409-8C06-8605504CB542}
		{654993A9-4A7A-4864-BBB8-6B545CFB4631} = {654993A9-4A7A-4864-BBB8-6B545CFB4631}
	EndProjectSection
EndProject
Project("{8BC9CEB8-8B4A-11D0-8D11-00A0C91BC942}") = "tvctrlpt", "tvctrlpt.vcxproj", "{D395F553-C77B-41B6-BC54-83FF2D1004BB}"
EndProject
Project("{8BC9CEB8-8B4A-11D0-8D11-00A0C91BC942}") = "tvdevice", "tvdevice.vcxproj", "{2923BB18-10B3-4E59-A181-A90713EC5ECF}"
EndProject
Project("{8BC9CEB8-8B4A-11D0-8D11-00A0C91BC942}") = "tvcombo", "tvcombo.vcxproj", "{652B908E-E03C-471C-97BD-8C6D8B99DCF6}"
EndProject
Global
	GlobalSection(SolutionConfigurationPlatforms) = preSolution
		Debug|Win32 = Debug|Win32
		Debug|x64 = Debug|x64
		DebugDLL|Win32 = DebugDLL|Win32
		DebugDLL|x64 = DebugDLL|x64
		Release|Win32 = Release|Win32
		Release|x64 = Release|x64
		ReleaseDLL|Win32 = ReleaseDLL|Win32
		ReleaseDLL|x64 = ReleaseDLL|x64
	EndGlobalSection
	GlobalSection(ProjectConfigurationPlatforms) = postSolution
		{654993A9-4A7A-4864-BBB8-6B545CFB4631}.Debug|Win32.ActiveCfg = Debug|Win32
		{654993A9-4A7A-4864-BBB8-6B545CFB4631}.Debug|Win32.Build.0 = Debug|Win32
		{654993A9-4A7A-4864-BBB8-6B545CFB4631}.Debug|x64.ActiveCfg = Debug|x64
		{654993A9-4A7A-4864-BBB8-6B545CFB4631}.Debug|x64.Build.0 = Debug|x64
		{654993A9-4A7A-4864-BBB8-6B545CFB4631}.DebugDLL|Win32.ActiveCfg = DebugDLL|Win32
		{654993A9-4A7A-4864-BBB8-6B545CFB4631}.DebugDLL|Win32.Build.0 = DebugDLL|Win32
		{654993A9-4A7A-4864-BBB8-6B545CFB4631}.DebugDLL|x64.ActiveCfg = DebugDLL|x64
		{654993A9-4A7A-4864-BBB8-6B545CFB4631}.DebugDLL|x64.Build.0 = DebugDLL|x64
		{654993A9-4A7A-4864-BBB8-6B545CFB4631}.Release|Win32.ActiveCfg = Release|Win32
		{654993A9-4A7A-4864-BBB8-6B545CFB4631}.Release|Win32.Build.0 = Release|Win32
		{654993A9-4A7A-4864-BBB8-6B545CFB4631}.Release|x64.ActiveCfg = Release|x64
		{654993A9-4A7A-4864-BBB8-6B545CFB4631}.Release|x64.Build.0 = Release|x64
		{654993A9-4A7A-4864-BBB8-6B545CFB4631}.ReleaseDLL|Win32.ActiveCfg = ReleaseDLL|Win32
		{654993A9-4A7A-4864-BBB8-6B545CFB4631}.ReleaseDLL|Win32.Build.0 = ReleaseDLL|Win32
		{654993A9-4A7A-4864-BBB8-6B545CFB4631}.ReleaseDLL|x64.ActiveCfg = ReleaseDLL|x64
		{654993A9-4A7A-4864-BBB8-6B545CFB4631}.ReleaseDLL|x64.Build.0 = ReleaseDLL|x64
		{8C629440-D344-4409-8C06-8605504CB542}.Debug|Win32.ActiveCfg = Debug|Win32
		{8C629440-D344-4409-8C06-8605504CB542}.Debug|Win32.Build.0 = Debug|Win32
		{8C629440-D344-4409-8C06-8605504CB542}.Debug|x64.ActiveCfg = Debug|x64
		{8C629440-D344-4409-8C06-8605504CB542}.Debug|x64.Build.0 = Debug|x64
		{8C629440-D344-4409-8C06-8605504CB542}.DebugDLL|Win32.ActiveCfg = DebugDLL|Win32
		{8C629440-D344-4409-8C06-8605504CB542}.DebugDLL|Win32.Build.0 = DebugDLL|Win32
		{8C629440-D344-4409-8C06-8605504CB542}.DebugDLL|x64.ActiveCfg = DebugDLL|x64
		{8C629440-D344-4409-8C06-8605504CB542}.DebugDLL|x64.Build.0 = DebugDLL|x64
		{8C629440-D344-4409-8C06-8605504CB542}.Release|Win32.ActiveCfg = Release|Win32
		{8C629440-D344-4409-8C06-8605504CB542}.Release|Win32.Build.0 = Release|Win32
		{8C629440-D344-4409-8C06-8605504CB542}.Release|x64.ActiveCfg = Release|x64
		{8C629440-D344-4409-8C06-8605504CB542}.Release|x64.Build.0 = Release|x64
		{8C629440-D344-4409-8C06-8605504CB542}.ReleaseDLL|Win32.ActiveCfg = ReleaseDLL|Win32
		{8C629440-D344-4409-8C06-8605504CB542}.ReleaseDLL|Win32.Build.0 = ReleaseDLL|Win32
		{8C629440-D344-4409-8C06-8605504CB542}.ReleaseDLL|x64.ActiveCfg = ReleaseDLL|x64
		{8C629440-D344-4409-8C06-8605504CB542}.ReleaseDLL|x64.Build.0 = ReleaseDLL|x64
		{0500E0C8-903C-44B3-8DD9-9B712608E184}.Debug|Win32.ActiveCfg = Debug|Win32
		{0500E0C8-903C-44B3-8DD9-9B712608E184}.Debug|Win32.Build.0 = Debug|Win32
		{0500E0C8-903C-44B3-8DD9-9B712608E184}.Debug|x64.ActiveCfg = Debug|x64
		{0500E0C8-903C-44B3-8DD9-9B712608E184}.Debug|x64.Build.0 = Debug|x64
		{0500E0C8-903C-44B3-8DD9-9B712608E184}.DebugDLL|Win32.ActiveCfg = DebugDLL|Win32
		{0500E0C8-903C-44B3-8DD9-9B712608E184}.DebugDLL|Win32.Build.0 = DebugDLL|Win32
		{0500E0C8-903C-44B3-8DD9-9B712608E184}.DebugDLL|x64.ActiveCfg = DebugDLL|x64
		{0500E0C8-903C-44B3-8DD9-9B712608E184}.DebugDLL|x64.Build.0 = DebugDLL|x64
		{0500E0C8-903C-44B3-8DD9-9B712608E184}.Release|Win32.ActiveCfg = Release|Win32
		{0500E0C8-903C-44B3-8DD9-9B712608E184}.Release|Win32.Build.0 = Release|Win32
		{0500E0C8-903C-44B3-8DD9-9B712608E184}.Release|x64.ActiveCfg = Release|x64
		{0500E0C8-903C-44B3-8DD9-9B712608E184}.Release|x64.Build.0 = Release|x64
		{0500E0C8-903C-44B3-8DD9-9B712608E184}.ReleaseDLL|Win32.ActiveCfg = ReleaseDLL|Win32
		{0500E0C8-903C-44B3-8DD9-9B712608E184}.ReleaseDLL|Win32.Build.0 = ReleaseDLL|Win32
		{0500E0C8-903C-44B3-8DD9-9B712608E184}.ReleaseDLL|x64.ActiveCfg = ReleaseDLL|x64
		{0500E0C8-903C-44B3-8DD9-9B712608E184}.ReleaseDLL|x64.Build.0 = ReleaseDLL|x64
		{D395F553-C77B-41B6-BC54-83FF2D1004BB}.Debug|Win32.ActiveCfg = Debug|Win32
		{D395F553-C77B-41B6-BC54-83FF2D1004BB}.Debug|Win32.Build.0 = Debug|Win32
		{D395F553-C77B-41B6-BC54-83FF2D1004BB}.Debug|x64.ActiveCfg = Debug|x64
		{D395F553-C77B-41B6-BC54-83FF2D1004BB}.Debug|x64.Build.0 = Debug|x64
		{D395F553-C77B-41B6-BC54-83FF2D1004BB}.DebugDLL|Win32.ActiveCfg = DebugDLL|Win32
		{D395F553-C77B-41B6-BC54-83FF2D1004BB}.DebugDLL|Win32.Build.0 = DebugDLL|Win32
		{D395F553-C77B-41B6-BC54-83FF2D1004BB}.DebugDLL|x64.ActiveCfg = DebugDLL|x64
		{D395F553-C77B-41B6-BC54-83FF2D1004BB}.DebugDLL|x64.Build.0 = DebugDLL|x64
		{D395F553-C77B-41B6-BC54-83FF2D1004BB}.Release|Win32.ActiveCfg = Release|Win32
		{D395F553-C77B-41B6-BC54-83FF2D1004BB}.Release|Win32.Build.0 = Release|Win32
		{D395F553-C77B-41B6-BC54-83FF2D1004BB}.Release|x64.ActiveCfg = Release|x64
		{D395F553-C77B-41B6-BC54-83FF2D1004BB}.Release|x64.Build.0 = Release|x64
		{D395F553-C77B-41B6-BC54-83FF2D1004BB}.ReleaseDLL|Win32.ActiveCfg = ReleaseDLL|Win32
		{D395F553-C77B-41B6-BC54-83FF2D1004BB}.ReleaseDLL|Win32.Build.0 = ReleaseDLL|Win32
		{D395F553-C77B-41B6-BC54-83FF2D1004BB}.ReleaseDLL|x64.ActiveCfg = ReleaseDLL|x64
		{D395F553-C77B-41B6-BC54-83FF2D1004BB}.ReleaseDLL|x64.Build.0 = ReleaseDLL|x64
		{2923BB18-10B3-4E59-A181-A90713EC5ECF}.Debug|Win32.ActiveCfg = Debug|Win32
		{2923BB18-10B3-4E59-A181-A90713EC5ECF}.Debug|Win32.Build.0 = Debug|Win32
		{2923BB18-10B3-4E59-A181-A90713EC5ECF}.Debug|x64.ActiveCfg = Debug|x64
		{2923BB18-10B3-4E59-A181-A90713EC5ECF}.Debug|x64.Build.0 = Debug|x64
		{2923BB18-10B3-4E59-A181-A90713EC5ECF}.DebugDLL|Win32.ActiveCfg = DebugDLL|Win32
		{2923BB18-10B3-4E59-A181-A90713EC5ECF}.DebugDLL|Win32.Build.0 = DebugDLL|Win32
		{2923BB18-10B3-4E59-A181-A90713EC5ECF}.DebugDLL|x64.ActiveCfg = DebugDLL|x64
		{2923BB18-10B3-4E59-A181-A90713EC5ECF}.DebugDLL|x64.Build.0 = DebugDLL|x64
		{2923BB18-10B3-4E59-A181-A90713EC5ECF}.Release|Win32.ActiveCfg = Release|Win32
		{2923BB18-10B3-4E59-A181-A90713EC5ECF}.Release|Win32.Build.0 = Release|Win32
		{2923BB18-10B3-4E59-A181-A90713EC5ECF}.Release|x64.ActiveCfg = Release|x64
		{2923BB18-10B3-4E59-A181-A90713EC5ECF}.Release|x64.Build.0 = Release|x64
		{2923BB18-10B3-4E59-A181-A90713EC5ECF}.ReleaseDLL|Win32.ActiveCfg = ReleaseDLL|Win32
		{2923BB18-10B3-4E59-A181-A90713EC5ECF}.ReleaseDLL|Win32.Build.0 = ReleaseDLL|Win32
		{2923BB18-10B3-4E59-A181-A90713EC5ECF}.ReleaseDLL|x64.ActiveCfg = ReleaseDLL|x64
		{2923BB18-10B3-4E59-A181-A90713EC5ECF}.ReleaseDLL|x64.Build.0 = ReleaseDLL|x64
		{652B908E-E03C-471C-97BD-8C6D8B99DCF6}.Debug|Win32.ActiveCfg = Debug|Win32
		{652B908E-E03C-471C-97BD-8C6D8B99DCF6}.Debug|Win32.Build.0 = Debug|Win32
		{652B908E-E03C-471C-97BD-8C6D8B99DCF6}.Debug|x64.ActiveCfg = Debug|x64
		{652B908E-E03C-471C-97BD-8C6D8B99DCF6}.Debug|x64.Build.0 = Debug|x64
		{652B908E-E03C-471C-97BD-8C6D8B99DCF6}.DebugDLL|Win32.ActiveCfg = DebugDLL|Win32
		{652B908E-E03C-471C-97BD-8C6D8B99DCF6}.DebugDLL|Win32.Build.0 = DebugDLL|Win32
		{652B908E-E03C-471C-97BD-8C6D8B99DCF6}.DebugDLL|x64.ActiveCfg = DebugDLL|x64
		{652B908E-E03C-471C-97BD-8C6D8B99DCF6}.DebugDLL|x64.Build.0 = DebugDLL|x64
		{652B908E-E03C-471C-97BD-8C6D8B99DCF6}.Release|Win32.ActiveCfg = Release|Win32
		{652B908E-E03C-471C-97BD-8C6D8B99DCF6}.Release|Win32.Build.0 = Release|Win32
		{652B908E-E03C-471C-97BD-8C6D8B99DCF6}.Release|x64.ActiveCfg = Release|x64
		{652B908E-E03C-471C-97BD-8C6D8B99DCF6}.Release|x64.Build.0 = Release|x64
		{652B908E-E03C-471C-97BD-8C6D8B99DCF6}.ReleaseDLL|Win32.ActiveCfg = ReleaseDLL|Win32
		{652B908E-E03C-471C-97BD-8C6D8B99DCF6}.ReleaseDLL|Win32.Build.0 = ReleaseDLL|Win32
		{652B908E-E03C-471C-97BD-8C6D8B99DCF6}.ReleaseDLL|x64.ActiveCfg = ReleaseDLL|x64
		{652B908E-E03C-471C-97BD-8C6D8B99DCF6}.ReleaseDLL|x64.Build.0 = ReleaseDLL|x64
	EndGlobalSection
	GlobalSection(SolutionProperties) = preSolution
		HideSolutionNode = FALSE
	EndGlobalSection
EndGlobal
